
Microsoft Visual Studio Solution File, Format Version 12.00
# Visual Studio 15
Project("{FAE04EC0-301F-11D3-BF4B-00C04F79EFBC}") = "MrFish", "MrFish.csproj", "{936D37C0-D2B0-145E-EE81-C165AC54F688}"
EndProject
Project("{FAE04EC0-301F-11D3-BF4B-00C04F79EFBC}") = "MrFish.Editor", "MrFish.Editor.csproj", "{5776AC70-74B6-75F3-B1A5-80BC997BBC77}"
EndProject
Global
	GlobalSection(SolutionConfigurationPlatforms) = preSolution
		Debug|Any CPU = Debug|Any CPU
		Release|Any CPU = Release|Any CPU
	EndGlobalSection
	GlobalSection(ProjectConfigurationPlatforms) = postSolution
		{936D37C0-D2B0-145E-EE81-C165AC54F688}.Debug|Any CPU.ActiveCfg = Debug|Any CPU
		{936D37C0-D2B0-145E-EE81-C165AC54F688}.Debug|Any CPU.Build.0 = Debug|Any CPU
		{936D37C0-D2B0-145E-EE81-C165AC54F688}.Release|Any CPU.ActiveCfg = Release|Any CPU
		{936D37C0-D2B0-145E-EE81-C165AC54F688}.Release|Any CPU.Build.0 = Release|Any CPU
		{5776AC70-74B6-75F3-B1A5-80BC997BBC77}.Debug|Any CPU.ActiveCfg = Debug|Any CPU
		{5776AC70-74B6-75F3-B1A5-80BC997BBC77}.Debug|Any CPU.Build.0 = Debug|Any CPU
		{5776AC70-74B6-75F3-B1A5-80BC997BBC77}.Release|Any CPU.ActiveCfg = Release|Any CPU
		{5776AC70-74B6-75F3-B1A5-80BC997BBC77}.Release|Any CPU.Build.0 = Release|Any CPU
	EndGlobalSection
	GlobalSection(SolutionProperties) = preSolution
		HideSolutionNode = FALSE
	EndGlobalSection
	GlobalSection(MonoDevelopProperties) = preSolution
		StartupItem = Assembly-CSharp.csproj
	EndGlobalSection
EndGlobal
